// !$*UTF8*$!
{
	archiveVersion = 1;
	classes = {
	};
	objectVersion = 56;
	objects = {

/* Begin PBXBuildFile section */
		813AB9EA2AB9C14300BCDF39 /* learnXApp.swift in Sources */ = {isa = PBXBuildFile; fileRef = 813AB9E92AB9C14300BCDF39 /* learnXApp.swift */; };
		813AB9EC2AB9C14300BCDF39 /* ContentView.swift in Sources */ = {isa = PBXBuildFile; fileRef = 813AB9EB2AB9C14300BCDF39 /* ContentView.swift */; };
		813AB9EE2AB9C14400BCDF39 /* Assets.xcassets in Resources */ = {isa = PBXBuildFile; fileRef = 813AB9ED2AB9C14400BCDF39 /* Assets.xcassets */; };
		813AB9F12AB9C14400BCDF39 /* Preview Assets.xcassets in Resources */ = {isa = PBXBuildFile; fileRef = 813AB9F02AB9C14400BCDF39 /* Preview Assets.xcassets */; };
		813AB9F82AB9C1D900BCDF39 /* Intro1.swift in Sources */ = {isa = PBXBuildFile; fileRef = 813AB9F72AB9C1D900BCDF39 /* Intro1.swift */; };
		813AB9FD2AB9C38000BCDF39 /* SwiftPersistence in Frameworks */ = {isa = PBXBuildFile; productRef = 813AB9FC2AB9C38000BCDF39 /* SwiftPersistence */; };
		813ABA012AB9C49000BCDF39 /* DocumentationMain.swift in Sources */ = {isa = PBXBuildFile; fileRef = 813ABA002AB9C49000BCDF39 /* DocumentationMain.swift */; };
		813ABA042AB9C54B00BCDF39 /* NotesMain.swift in Sources */ = {isa = PBXBuildFile; fileRef = 813ABA032AB9C54B00BCDF39 /* NotesMain.swift */; };
		813ABA062ABA888400BCDF39 /* NoteView.swift in Sources */ = {isa = PBXBuildFile; fileRef = 813ABA052ABA888400BCDF39 /* NoteView.swift */; };
		813ABA082ABA8C9C00BCDF39 /* NoteAdd.swift in Sources */ = {isa = PBXBuildFile; fileRef = 813ABA072ABA8C9C00BCDF39 /* NoteAdd.swift */; };
		813ABA0C2ABC37E000BCDF39 /* slider.swift in Sources */ = {isa = PBXBuildFile; fileRef = 813ABA0B2ABC37E000BCDF39 /* slider.swift */; };
		81D221A52ABDB35A0084517D /* SettingsMain.swift in Sources */ = {isa = PBXBuildFile; fileRef = 81D221A42ABDB35A0084517D /* SettingsMain.swift */; };
/* End PBXBuildFile section */

/* Begin PBXFileReference section */
		813AB9E62AB9C14300BCDF39 /* learnX.app */ = {isa = PBXFileReference; explicitFileType = wrapper.application; includeInIndex = 0; path = learnX.app; sourceTree = BUILT_PRODUCTS_DIR; };
		813AB9E92AB9C14300BCDF39 /* learnXApp.swift */ = {isa = PBXFileReference; lastKnownFileType = sourcecode.swift; path = learnXApp.swift; sourceTree = "<group>"; };
		813AB9EB2AB9C14300BCDF39 /* ContentView.swift */ = {isa = PBXFileReference; lastKnownFileType = sourcecode.swift; path = ContentView.swift; sourceTree = "<group>"; };
		813AB9ED2AB9C14400BCDF39 /* Assets.xcassets */ = {isa = PBXFileReference; lastKnownFileType = folder.assetcatalog; path = Assets.xcassets; sourceTree = "<group>"; };
		813AB9F02AB9C14400BCDF39 /* Preview Assets.xcassets */ = {isa = PBXFileReference; lastKnownFileType = folder.assetcatalog; path = "Preview Assets.xcassets"; sourceTree = "<group>"; };
		813AB9F72AB9C1D900BCDF39 /* Intro1.swift */ = {isa = PBXFileReference; lastKnownFileType = sourcecode.swift; path = Intro1.swift; sourceTree = "<group>"; };
		813ABA002AB9C49000BCDF39 /* DocumentationMain.swift */ = {isa = PBXFileReference; lastKnownFileType = sourcecode.swift; path = DocumentationMain.swift; sourceTree = "<group>"; };
		813ABA032AB9C54B00BCDF39 /* NotesMain.swift */ = {isa = PBXFileReference; lastKnownFileType = sourcecode.swift; path = NotesMain.swift; sourceTree = "<group>"; };
		813ABA052ABA888400BCDF39 /* NoteView.swift */ = {isa = PBXFileReference; lastKnownFileType = sourcecode.swift; path = NoteView.swift; sourceTree = "<group>"; };
		813ABA072ABA8C9C00BCDF39 /* NoteAdd.swift */ = {isa = PBXFileReference; lastKnownFileType = sourcecode.swift; path = NoteAdd.swift; sourceTree = "<group>"; };
		813ABA0B2ABC37E000BCDF39 /* slider.swift */ = {isa = PBXFileReference; lastKnownFileType = sourcecode.swift; path = slider.swift; sourceTree = "<group>"; };
		81D221A42ABDB35A0084517D /* SettingsMain.swift */ = {isa = PBXFileReference; lastKnownFileType = sourcecode.swift; path = SettingsMain.swift; sourceTree = "<group>"; };
/* End PBXFileReference section */

/* Begin PBXFrameworksBuildPhase section */
		813AB9E32AB9C14300BCDF39 /* Frameworks */ = {
			isa = PBXFrameworksBuildPhase;
			buildActionMask = 2147483647;
			files = (
				813AB9FD2AB9C38000BCDF39 /* SwiftPersistence in Frameworks */,
			);
			runOnlyForDeploymentPostprocessing = 0;
		};
/* End PBXFrameworksBuildPhase section */

/* Begin PBXGroup section */
		813AB9DD2AB9C14300BCDF39 = {
			isa = PBXGroup;
			children = (
				813AB9E82AB9C14300BCDF39 /* learnX */,
				813AB9E72AB9C14300BCDF39 /* Products */,
			);
			sourceTree = "<group>";
		};
		813AB9E72AB9C14300BCDF39 /* Products */ = {
			isa = PBXGroup;
			children = (
				813AB9E62AB9C14300BCDF39 /* learnX.app */,
			);
			name = Products;
			sourceTree = "<group>";
		};
		813AB9E82AB9C14300BCDF39 /* learnX */ = {
			isa = PBXGroup;
			children = (
				813ABA022AB9C52C00BCDF39 /* Notes */,
				813AB9FF2AB9C47D00BCDF39 /* Documentation */,
				813AB9FE2AB9C3AE00BCDF39 /* Intro */,
				813AB9E92AB9C14300BCDF39 /* learnXApp.swift */,
				813AB9EB2AB9C14300BCDF39 /* ContentView.swift */,
				81D221A42ABDB35A0084517D /* SettingsMain.swift */,
				813AB9ED2AB9C14400BCDF39 /* Assets.xcassets */,
				813AB9EF2AB9C14400BCDF39 /* Preview Content */,
			);
			path = learnX;
			sourceTree = "<group>";
		};
		813AB9EF2AB9C14400BCDF39 /* Preview Content */ = {
			isa = PBXGroup;
			children = (
				813AB9F02AB9C14400BCDF39 /* Preview Assets.xcassets */,
			);
			path = "Preview Content";
			sourceTree = "<group>";
		};
		813AB9FE2AB9C3AE00BCDF39 /* Intro */ = {
			isa = PBXGroup;
			children = (
				813AB9F72AB9C1D900BCDF39 /* Intro1.swift */,
			);
			path = Intro;
			sourceTree = "<group>";
		};
		813AB9FF2AB9C47D00BCDF39 /* Documentation */ = {
			isa = PBXGroup;
			children = (
				813ABA002AB9C49000BCDF39 /* DocumentationMain.swift */,
				813ABA0B2ABC37E000BCDF39 /* slider.swift */,
			);
			path = Documentation;
			sourceTree = "<group>";
		};
		813ABA022AB9C52C00BCDF39 /* Notes */ = {
			isa = PBXGroup;
			children = (
				813ABA032AB9C54B00BCDF39 /* NotesMain.swift */,
				813ABA052ABA888400BCDF39 /* NoteView.swift */,
				813ABA072ABA8C9C00BCDF39 /* NoteAdd.swift */,
			);
			path = Notes;
			sourceTree = "<group>";
		};
/* End PBXGroup section */

/* Begin PBXNativeTarget section */
		813AB9E52AB9C14300BCDF39 /* learnX */ = {
			isa = PBXNativeTarget;
			buildConfigurationList = 813AB9F42AB9C14400BCDF39 /* Build configuration list for PBXNativeTarget "learnX" */;
			buildPhases = (
				813AB9E22AB9C14300BCDF39 /* Sources */,
				813AB9E32AB9C14300BCDF39 /* Frameworks */,
				813AB9E42AB9C14300BCDF39 /* Resources */,
			);
			buildRules = (
			);
			dependencies = (
			);
			name = learnX;
			packageProductDependencies = (
				813AB9FC2AB9C38000BCDF39 /* SwiftPersistence */,
			);
			productName = learnX;
			productReference = 813AB9E62AB9C14300BCDF39 /* learnX.app */;
			productType = "com.apple.product-type.application";
		};
/* End PBXNativeTarget section */

/* Begin PBXProject section */
		813AB9DE2AB9C14300BCDF39 /* Project object */ = {
			isa = PBXProject;
			attributes = {
				BuildIndependentTargetsInParallel = 1;
				LastSwiftUpdateCheck = 1430;
				LastUpgradeCheck = 1430;
				TargetAttributes = {
					813AB9E52AB9C14300BCDF39 = {
						CreatedOnToolsVersion = 14.3.1;
					};
				};
			};
			buildConfigurationList = 813AB9E12AB9C14300BCDF39 /* Build configuration list for PBXProject "learnX" */;
			compatibilityVersion = "Xcode 14.0";
			developmentRegion = en;
			hasScannedForEncodings = 0;
			knownRegions = (
				en,
				Base,
			);
			mainGroup = 813AB9DD2AB9C14300BCDF39;
			packageReferences = (
				813AB9FB2AB9C38000BCDF39 /* XCRemoteSwiftPackageReference "SwiftPersistence" */,
			);
			productRefGroup = 813AB9E72AB9C14300BCDF39 /* Products */;
			projectDirPath = "";
			projectRoot = "";
			targets = (
				813AB9E52AB9C14300BCDF39 /* learnX */,
			);
		};
/* End PBXProject section */

/* Begin PBXResourcesBuildPhase section */
		813AB9E42AB9C14300BCDF39 /* Resources */ = {
			isa = PBXResourcesBuildPhase;
			buildActionMask = 2147483647;
			files = (
				813AB9F12AB9C14400BCDF39 /* Preview Assets.xcassets in Resources */,
				813AB9EE2AB9C14400BCDF39 /* Assets.xcassets in Resources */,
			);
			runOnlyForDeploymentPostprocessing = 0;
		};
/* End PBXResourcesBuildPhase section */

/* Begin PBXSourcesBuildPhase section */
		813AB9E22AB9C14300BCDF39 /* Sources */ = {
			isa = PBXSourcesBuildPhase;
			buildActionMask = 2147483647;
			files = (
				81D221A52ABDB35A0084517D /* SettingsMain.swift in Sources */,
				813ABA012AB9C49000BCDF39 /* DocumentationMain.swift in Sources */,
				813ABA042AB9C54B00BCDF39 /* NotesMain.swift in Sources */,
				813ABA0C2ABC37E000BCDF39 /* slider.swift in Sources */,
				813ABA062ABA888400BCDF39 /* NoteView.swift in Sources */,
				813AB9EC2AB9C14300BCDF39 /* ContentView.swift in Sources */,
				813AB9F82AB9C1D900BCDF39 /* Intro1.swift in Sources */,
				813AB9EA2AB9C14300BCDF39 /* learnXApp.swift in Sources */,
				813ABA082ABA8C9C00BCDF39 /* NoteAdd.swift in Sources */,
			);
			runOnlyForDeploymentPostprocessing = 0;
		};
/* End PBXSourcesBuildPhase section */

/* Begin XCBuildConfiguration section */
		813AB9F22AB9C14400BCDF39 /* Debug */ = {
			isa = XCBuildConfiguration;
			buildSettings = {
				ALWAYS_SEARCH_USER_PATHS = NO;
				ASSETCATALOG_COMPILER_ALTERNATE_APPICON_NAMES = "New Icon Old Icon";
				ASSETCATALOG_COMPILER_INCLUDE_ALL_APPICON_ASSETS = YES;
				CLANG_ANALYZER_NONNULL = YES;
				CLANG_ANALYZER_NUMBER_OBJECT_CONVERSION = YES_AGGRESSIVE;
				CLANG_CXX_LANGUAGE_STANDARD = "gnu++20";
				CLANG_ENABLE_MODULES = YES;
				CLANG_ENABLE_OBJC_ARC = YES;
				CLANG_ENABLE_OBJC_WEAK = YES;
				CLANG_WARN_BLOCK_CAPTURE_AUTORELEASING = YES;
				CLANG_WARN_BOOL_CONVERSION = YES;
				CLANG_WARN_COMMA = YES;
				CLANG_WARN_CONSTANT_CONVERSION = YES;
				CLANG_WARN_DEPRECATED_OBJC_IMPLEMENTATIONS = YES;
				CLANG_WARN_DIRECT_OBJC_ISA_USAGE = YES_ERROR;
				CLANG_WARN_DOCUMENTATION_COMMENTS = YES;
				CLANG_WARN_EMPTY_BODY = YES;
				CLANG_WARN_ENUM_CONVERSION = YES;
				CLANG_WARN_INFINITE_RECURSION = YES;
				CLANG_WARN_INT_CONVERSION = YES;
				CLANG_WARN_NON_LITERAL_NULL_CONVERSION = YES;
				CLANG_WARN_OBJC_IMPLICIT_RETAIN_SELF = YES;
				CLANG_WARN_OBJC_LITERAL_CONVERSION = YES;
				CLANG_WARN_OBJC_ROOT_CLASS = YES_ERROR;
				CLANG_WARN_QUOTED_INCLUDE_IN_FRAMEWORK_HEADER = YES;
				CLANG_WARN_RANGE_LOOP_ANALYSIS = YES;
				CLANG_WARN_STRICT_PROTOTYPES = YES;
				CLANG_WARN_SUSPICIOUS_MOVE = YES;
				CLANG_WARN_UNGUARDED_AVAILABILITY = YES_AGGRESSIVE;
				CLANG_WARN_UNREACHABLE_CODE = YES;
				CLANG_WARN__DUPLICATE_METHOD_MATCH = YES;
				COPY_PHASE_STRIP = NO;
				DEBUG_INFORMATION_FORMAT = dwarf;
				ENABLE_STRICT_OBJC_MSGSEND = YES;
				ENABLE_TESTABILITY = YES;
				GCC_C_LANGUAGE_STANDARD = gnu11;
				GCC_DYNAMIC_NO_PIC = NO;
				GCC_NO_COMMON_BLOCKS = YES;
				GCC_OPTIMIZATION_LEVEL = 0;
				GCC_PREPROCESSOR_DEFINITIONS = (
					"DEBUG=1",
					"$(inherited)",
				);
				GCC_WARN_64_TO_32_BIT_CONVERSION = YES;
				GCC_WARN_ABOUT_RETURN_TYPE = YES_ERROR;
				GCC_WARN_UNDECLARED_SELECTOR = YES;
				GCC_WARN_UNINITIALIZED_AUTOS = YES_AGGRESSIVE;
				GCC_WARN_UNUSED_FUNCTION = YES;
				GCC_WARN_UNUSED_VARIABLE = YES;
				IPHONEOS_DEPLOYMENT_TARGET = 16.4;
				MTL_ENABLE_DEBUG_INFO = INCLUDE_SOURCE;
				MTL_FAST_MATH = YES;
				ONLY_ACTIVE_ARCH = YES;
				SDKROOT = iphoneos;
				SWIFT_ACTIVE_COMPILATION_CONDITIONS = DEBUG;
				SWIFT_OPTIMIZATION_LEVEL = "-Onone";
			};
			name = Debug;
		};
		813AB9F32AB9C14400BCDF39 /* Release */ = {
			isa = XCBuildConfiguration;
			buildSettings = {
				ALWAYS_SEARCH_USER_PATHS = NO;
				ASSETCATALOG_COMPILER_ALTERNATE_APPICON_NAMES = "New Icon Old Icon";
				ASSETCATALOG_COMPILER_INCLUDE_ALL_APPICON_ASSETS = YES;
				CLANG_ANALYZER_NONNULL = YES;
				CLANG_ANALYZER_NUMBER_OBJECT_CONVERSION = YES_AGGRESSIVE;
				CLANG_CXX_LANGUAGE_STANDARD = "gnu++20";
				CLANG_ENABLE_MODULES = YES;
				CLANG_ENABLE_OBJC_ARC = YES;
				CLANG_ENABLE_OBJC_WEAK = YES;
				CLANG_WARN_BLOCK_CAPTURE_AUTORELEASING = YES;
				CLANG_WARN_BOOL_CONVERSION = YES;
				CLANG_WARN_COMMA = YES;
				CLANG_WARN_CONSTANT_CONVERSION = YES;
				CLANG_WARN_DEPRECATED_OBJC_IMPLEMENTATIONS = YES;
				CLANG_WARN_DIRECT_OBJC_ISA_USAGE = YES_ERROR;
				CLANG_WARN_DOCUMENTATION_COMMENTS = YES;
				CLANG_WARN_EMPTY_BODY = YES;
				CLANG_WARN_ENUM_CONVERSION = YES;
				CLANG_WARN_INFINITE_RECURSION = YES;
				CLANG_WARN_INT_CONVERSION = YES;
				CLANG_WARN_NON_LITERAL_NULL_CONVERSION = YES;
				CLANG_WARN_OBJC_IMPLICIT_RETAIN_SELF = YES;
				CLANG_WARN_OBJC_LITERAL_CONVERSION = YES;
				CLANG_WARN_OBJC_ROOT_CLASS = YES_ERROR;
				CLANG_WARN_QUOTED_INCLUDE_IN_FRAMEWORK_HEADER = YES;
				CLANG_WARN_RANGE_LOOP_ANALYSIS = YES;
				CLANG_WARN_STRICT_PROTOTYPES = YES;
				CLANG_WARN_SUSPICIOUS_MOVE = YES;
				CLANG_WARN_UNGUARDED_AVAILABILITY = YES_AGGRESSIVE;
				CLANG_WARN_UNREACHABLE_CODE = YES;
				CLANG_WARN__DUPLICATE_METHOD_MATCH = YES;
				COPY_PHASE_STRIP = NO;
				DEBUG_INFORMATION_FORMAT = "dwarf-with-dsym";
				ENABLE_NS_ASSERTIONS = NO;
				ENABLE_STRICT_OBJC_MSGSEND = YES;
				GCC_C_LANGUAGE_STANDARD = gnu11;
				GCC_NO_COMMON_BLOCKS = YES;
				GCC_WARN_64_TO_32_BIT_CONVERSION = YES;
				GCC_WARN_ABOUT_RETURN_TYPE = YES_ERROR;
				GCC_WARN_UNDECLARED_SELECTOR = YES;
				GCC_WARN_UNINITIALIZED_AUTOS = YES_AGGRESSIVE;
				GCC_WARN_UNUSED_FUNCTION = YES;
				GCC_WARN_UNUSED_VARIABLE = YES;
				IPHONEOS_DEPLOYMENT_TARGET = 16.4;
				MTL_ENABLE_DEBUG_INFO = NO;
				MTL_FAST_MATH = YES;
				SDKROOT = iphoneos;
				SWIFT_COMPILATION_MODE = wholemodule;
				SWIFT_OPTIMIZATION_LEVEL = "-O";
				VALIDATE_PRODUCT = YES;
			};
			name = Release;
		};
		813AB9F52AB9C14400BCDF39 /* Debug */ = {
			isa = XCBuildConfiguration;
			buildSettings = {
				ASSETCATALOG_COMPILER_APPICON_NAME = AppIcon;
				ASSETCATALOG_COMPILER_GLOBAL_ACCENT_COLOR_NAME = AccentColor;
				CODE_SIGN_STYLE = Automatic;
				CURRENT_PROJECT_VERSION = 1;
				DEVELOPMENT_ASSET_PATHS = "\"learnX/Preview Content\"";
				DEVELOPMENT_TEAM = 42V9477C3N;
				ENABLE_PREVIEWS = YES;
				GENERATE_INFOPLIST_FILE = YES;
				INFOPLIST_KEY_UIApplicationSceneManifest_Generation = YES;
				INFOPLIST_KEY_UIApplicationSupportsIndirectInputEvents = YES;
				INFOPLIST_KEY_UILaunchScreen_Generation = YES;
				INFOPLIST_KEY_UISupportedInterfaceOrientations_iPad = "UIInterfaceOrientationPortrait UIInterfaceOrientationPortraitUpsideDown UIInterfaceOrientationLandscapeLeft UIInterfaceOrientationLandscapeRight";
				INFOPLIST_KEY_UISupportedInterfaceOrientations_iPhone = "UIInterfaceOrientationPortrait UIInterfaceOrientationLandscapeLeft UIInterfaceOrientationLandscapeRight";
				IPHONEOS_DEPLOYMENT_TARGET = 16.3;
				LD_RUNPATH_SEARCH_PATHS = (
					"$(inherited)",
					"@executable_path/Frameworks",
				);
				MARKETING_VERSION = 1.0;
				PRODUCT_BUNDLE_IDENTIFIER = "com.example.sst-SampleCode.learnX";
				PRODUCT_NAME = "$(TARGET_NAME)";
				SWIFT_EMIT_LOC_STRINGS = YES;
				SWIFT_VERSION = 5.0;
				TARGETED_DEVICE_FAMILY = "1,2";
			};
			name = Debug;
		};
		813AB9F62AB9C14400BCDF39 /* Release */ = {
			isa = XCBuildConfiguration;
			buildSettings = {
				ASSETCATALOG_COMPILER_APPICON_NAME = AppIcon;
				ASSETCATALOG_COMPILER_GLOBAL_ACCENT_COLOR_NAME = AccentColor;
				CODE_SIGN_STYLE = Automatic;
				CURRENT_PROJECT_VERSION = 1;
				DEVELOPMENT_ASSET_PATHS = "\"learnX/Preview Content\"";
				DEVELOPMENT_TEAM = 42V9477C3N;
				ENABLE_PREVIEWS = YES;
				GENERATE_INFOPLIST_FILE = YES;
				INFOPLIST_KEY_UIApplicationSceneManifest_Generation = YES;
				INFOPLIST_KEY_UIApplicationSupportsIndirectInputEvents = YES;
				INFOPLIST_KEY_UILaunchScreen_Generation = YES;
				INFOPLIST_KEY_UISupportedInterfaceOrientations_iPad = "UIInterfaceOrientationPortrait UIInterfaceOrientationPortraitUpsideDown UIInterfaceOrientationLandscapeLeft UIInterfaceOrientationLandscapeRight";
				INFOPLIST_KEY_UISupportedInterfaceOrientations_iPhone = "UIInterfaceOrientationPortrait UIInterfaceOrientationLandscapeLeft UIInterfaceOrientationLandscapeRight";
				IPHONEOS_DEPLOYMENT_TARGET = 16.3;
				LD_RUNPATH_SEARCH_PATHS = (
					"$(inherited)",
					"@executable_path/Frameworks",
				);
				MARKETING_VERSION = 1.0;
				PRODUCT_BUNDLE_IDENTIFIER = "com.example.sst-SampleCode.learnX";
				PRODUCT_NAME = "$(TARGET_NAME)";
				SWIFT_EMIT_LOC_STRINGS = YES;
				SWIFT_VERSION = 5.0;
				TARGETED_DEVICE_FAMILY = "1,2";
			};
			name = Release;
		};
/* End XCBuildConfiguration section */

/* Begin XCConfigurationList section */
		813AB9E12AB9C14300BCDF39 /* Build configuration list for PBXProject "learnX" */ = {
			isa = XCConfigurationList;
			buildConfigurations = (
				813AB9F22AB9C14400BCDF39 /* Debug */,
				813AB9F32AB9C14400BCDF39 /* Release */,
			);
			defaultConfigurationIsVisible = 0;
			defaultConfigurationName = Release;
		};
		813AB9F42AB9C14400BCDF39 /* Build configuration list for PBXNativeTarget "learnX" */ = {
			isa = XCConfigurationList;
			buildConfigurations = (
				813AB9F52AB9C14400BCDF39 /* Debug */,
				813AB9F62AB9C14400BCDF39 /* Release */,
			);
			defaultConfigurationIsVisible = 0;
			defaultConfigurationName = Release;
		};
/* End XCConfigurationList section */

/* Begin XCRemoteSwiftPackageReference section */
		813AB9FB2AB9C38000BCDF39 /* XCRemoteSwiftPackageReference "SwiftPersistence" */ = {
			isa = XCRemoteSwiftPackageReference;
			repositoryURL = "https://github.com/cheesetan/SwiftPersistence";
			requirement = {
				kind = upToNextMajorVersion;
				minimumVersion = 1.0.0;
			};
		};
/* End XCRemoteSwiftPackageReference section */

/* Begin XCSwiftPackageProductDependency section */
		813AB9FC2AB9C38000BCDF39 /* SwiftPersistence */ = {
			isa = XCSwiftPackageProductDependency;
			package = 813AB9FB2AB9C38000BCDF39 /* XCRemoteSwiftPackageReference "SwiftPersistence" */;
			productName = SwiftPersistence;
		};
/* End XCSwiftPackageProductDependency section */
	};
	rootObject = 813AB9DE2AB9C14300BCDF39 /* Project object */;
}
